{
  "nodes": {
    "git-hooks": {
      "inputs": {
        "flake-compat": [],
        "gitignore": [],
        "nixpkgs": [
          "nixpkgs"
        ]
      },
      "locked": {
        "lastModified": 1775036584,
        "narHash": "sha256-zW0lyy7ZNNT/x8JhzFHBsP2IPx7ATZIPai4FJj12BgU=",
        "owner": "cachix",
        "repo": "git-hooks.nix",
        "rev": "4e0eb042b67d863b1b34b3f64d52ceb9cd926735",
        "type": "github"
      },
      "original": {
        "owner": "cachix",
        "repo": "git-hooks.nix",
        "type": "github"
      }
    },
    "home-manager": {
      "inputs": {
        "nixpkgs": [
          "nixpkgs"
        ]
      },
      "locked": {
        "lastModified": 1775457580,
        "narHash": "sha256-ikws/ssAmG20AGrEwBuwspwPlkubJu34mB+Uz2fJBJs=",
        "owner": "nix-community",
        "repo": "home-manager",
        "rev": "5de7dbd151b0bd65d45785553d4a22d832733ffc",
        "type": "github"
      },
      "original": {
        "owner": "nix-community",
        "repo": "home-manager",
        "type": "github"
      }
    },
    "ipwatch": {
      "inputs": {
        "git-hooks": [],
        "nixpkgs": [
          "nixpkgs"
        ]
      },
      "locked": {
        "lastModified": 1775014127,
        "narHash": "sha256-yMz958T0qoOhQFz79K5+yaFOblopvsT/MzElOrO6blo=",
        "owner": "jmbaur",
        "repo": "ipwatch",
        "rev": "f79c27fdb802702a5eec23b383354efd011ca3b4",
        "type": "github"
      },
      "original": {
        "owner": "jmbaur",
        "repo": "ipwatch",
        "type": "github"
      }
    },
    "mixos": {
      "inputs": {
        "nixpkgs": [
          "nixpkgs"
        ]
      },
      "locked": {
        "lastModified": 1775497567,
        "narHash": "sha256-DYm5ac1eRwKhpBJtKm82w+7MaluPArO7klLIh59rNuY=",
        "owner": "jmbaur",
        "repo": "mixos",
        "rev": "e6a5a4dcf921779137e5cf4f76e9ef42abf6ef63",
        "type": "github"
      },
      "original": {
        "owner": "jmbaur",
        "repo": "mixos",
        "type": "github"
      }
    },
    "nix-index-database": {
      "inputs": {
        "nixpkgs": [
          "nixpkgs"
        ]
      },
      "locked": {
        "lastModified": 1775365369,
        "narHash": "sha256-DgH5mveLoau20CuTnaU5RXZWgFQWn56onQ4Du2CqYoI=",
        "owner": "nix-community",
        "repo": "nix-index-database",
        "rev": "cef5cf82671e749ac87d69aadecbb75967e6f6c3",
        "type": "github"
      },
      "original": {
        "owner": "nix-community",
        "repo": "nix-index-database",
        "type": "github"
      }
    },
    "nixos-router": {
      "inputs": {
        "git-hooks": [],
        "nixpkgs": [
          "nixpkgs"
        ]
      },
      "locked": {
        "lastModified": 1768757556,
        "narHash": "sha256-qF9vlZ5fQ+48+DlVyBS1z/DT3L2lbQIARdmnuIttHec=",
        "owner": "jmbaur",
        "repo": "nixos-router",
        "rev": "3e19bc54dc20bb8b21e68b2c326a925066fed295",
        "type": "github"
      },
      "original": {
        "owner": "jmbaur",
        "repo": "nixos-router",
        "type": "github"
      }
    },
    "nixpkgs": {
      "locked": {
        "lastModified": 1775258173,
        "narHash": "sha256-mC/iasNMJaNYfg5CttFa2aRkb0CIAfivulpGcJGfwmw=",
        "owner": "jmbaur",
        "repo": "nixpkgs",
        "rev": "ea26637475708be931a2687b040c5a53abd5a892",
        "type": "github"
      },
      "original": {
        "owner": "jmbaur",
        "ref": "jmbaur-nixos-unstable",
        "repo": "nixpkgs",
        "type": "github"
      }
    },
    "quartus-nix": {
      "inputs": {
        "nixpkgs": [
          "nixpkgs"
        ]
      },
      "locked": {
        "lastModified": 1768524138,
        "narHash": "sha256-jX7oDeyxz40UcPVMjIVa6TRpcIhbycPTpczhHHUD1+Y=",
        "owner": "jmbaur",
        "repo": "quartus-nix",
        "rev": "1749bb1892fc54090f001ffabce7e6d4fab9902c",
        "type": "github"
      },
      "original": {
        "owner": "jmbaur",
        "repo": "quartus-nix",
        "type": "github"
      }
    },
    "root": {
      "inputs": {
        "git-hooks": "git-hooks",
        "home-manager": "home-manager",
        "ipwatch": "ipwatch",
        "mixos": "mixos",
        "nix-index-database": "nix-index-database",
        "nixos-router": "nixos-router",
        "nixpkgs": "nixpkgs",
        "quartus-nix": "quartus-nix",
        "sops-nix": "sops-nix",
        "tinyboot": "tinyboot",
        "u-boot-nix": "u-boot-nix",
        "webauthn-tiny": "webauthn-tiny"
      }
    },
    "sops-nix": {
      "inputs": {
        "nixpkgs": [
          "nixpkgs"
        ]
      },
      "locked": {
        "lastModified": 1775365543,
        "narHash": "sha256-f50qrK0WwZ9z5EdaMGWOTtALgSF7yb7XwuE7LjCuDmw=",
        "owner": "Mic92",
        "repo": "sops-nix",
        "rev": "a4ee2de76efb759fe8d4868c33dec9937897916f",
        "type": "github"
      },
      "original": {
        "owner": "Mic92",
        "repo": "sops-nix",
        "type": "github"
      }
    },
    "tinyboot": {
      "inputs": {
        "nixpkgs": [
          "nixpkgs"
        ]
      },
      "locked": {
        "lastModified": 1775144868,
        "narHash": "sha256-grMoztxLtMLpmOUWfqqjXef/OjkB7D+XV+xE0Ta2Qns=",
        "owner": "jmbaur",
        "repo": "tinyboot",
        "rev": "e1d92fc7f146550dce8eb6f18fb0a2f92e25d7c9",
        "type": "github"
      },
      "original": {
        "owner": "jmbaur",
        "repo": "tinyboot",
        "type": "github"
      }
    },
    "u-boot-nix": {
      "inputs": {
        "nixpkgs": [
          "nixpkgs"
        ]
      },
      "locked": {
        "lastModified": 1767728050,
        "narHash": "sha256-17QfK+rEit8ro37AMJjAfpyy3noeHcj0xAf0vvS6/JA=",
        "owner": "jmbaur",
        "repo": "u-boot.nix",
        "rev": "1df1e4cabf3d753e5931fb163718b5e9d0942bca",
        "type": "github"
      },
      "original": {
        "owner": "jmbaur",
        "repo": "u-boot.nix",
        "type": "github"
      }
    },
    "webauthn-tiny": {
      "inputs": {
        "git-hooks": [],
        "nixpkgs": [
          "nixpkgs"
        ]
      },
      "locked": {
        "lastModified": 1775014775,
        "narHash": "sha256-UcQ0P97nSrdpntpTpMxJ2Vf2l+7DPRgSKlFKOHhNB7M=",
        "owner": "jmbaur",
        "repo": "webauthn-tiny",
        "rev": "74b66ce3f6990053c2ea910b2122af38472331b6",
        "type": "github"
      },
      "original": {
        "owner": "jmbaur",
        "repo": "webauthn-tiny",
        "type": "github"
      }
    }
  },
  "root": "root",
  "version": 7
}
