{
  "nodes": {
    "git-hooks": {
      "inputs": {
        "flake-compat": [],
        "gitignore": [],
        "nixpkgs": [
          "nixpkgs"
        ]
      },
      "locked": {
        "lastModified": 1767281941,
        "narHash": "sha256-6MkqajPICgugsuZ92OMoQcgSHnD6sJHwk8AxvMcIgTE=",
        "owner": "cachix",
        "repo": "git-hooks.nix",
        "rev": "f0927703b7b1c8d97511c4116eb9b4ec6645a0fa",
        "type": "github"
      },
      "original": {
        "owner": "cachix",
        "repo": "git-hooks.nix",
        "type": "github"
      }
    },
    "home-manager": {
      "inputs": {
        "nixpkgs": [
          "nixpkgs"
        ]
      },
      "locked": {
        "lastModified": 1768598210,
        "narHash": "sha256-kkgA32s/f4jaa4UG+2f8C225Qvclxnqs76mf8zvTVPg=",
        "owner": "nix-community",
        "repo": "home-manager",
        "rev": "c47b2cc64a629f8e075de52e4742de688f930dc6",
        "type": "github"
      },
      "original": {
        "owner": "nix-community",
        "repo": "home-manager",
        "type": "github"
      }
    },
    "ipwatch": {
      "inputs": {
        "git-hooks": [],
        "nixpkgs": [
          "nixpkgs"
        ]
      },
      "locked": {
        "lastModified": 1767236806,
        "narHash": "sha256-F8faI+KHdEO96Y12PUcSI/kAENCcCM4KvD3uvWRrbzE=",
        "owner": "jmbaur",
        "repo": "ipwatch",
        "rev": "07861532d48c5a658319af4eb274f230d06322b4",
        "type": "github"
      },
      "original": {
        "owner": "jmbaur",
        "repo": "ipwatch",
        "type": "github"
      }
    },
    "mixos": {
      "inputs": {
        "nixpkgs": [
          "nixpkgs"
        ]
      },
      "locked": {
        "lastModified": 1768504177,
        "narHash": "sha256-3WLmOCqrUEdYtyWuSJ+uOD/O/XQrdE9T4v67tfaNTkE=",
        "owner": "jmbaur",
        "repo": "mixos",
        "rev": "6463ad9a7ab6d4dbedbfba1072144bca7f661c7a",
        "type": "github"
      },
      "original": {
        "owner": "jmbaur",
        "repo": "mixos",
        "type": "github"
      }
    },
    "nix-index-database": {
      "inputs": {
        "nixpkgs": [
          "nixpkgs"
        ]
      },
      "locked": {
        "lastModified": 1765267181,
        "narHash": "sha256-d3NBA9zEtBu2JFMnTBqWj7Tmi7R5OikoU2ycrdhQEws=",
        "owner": "nix-community",
        "repo": "nix-index-database",
        "rev": "82befcf7dc77c909b0f2a09f5da910ec95c5b78f",
        "type": "github"
      },
      "original": {
        "owner": "nix-community",
        "repo": "nix-index-database",
        "type": "github"
      }
    },
    "nixos-router": {
      "inputs": {
        "git-hooks": [],
        "nixpkgs": [
          "nixpkgs"
        ]
      },
      "locked": {
        "lastModified": 1766989344,
        "narHash": "sha256-yeAY9eP71Uy++d4OuPJkz+8lsWpMIEqEPoGhtGZCmDo=",
        "owner": "jmbaur",
        "repo": "nixos-router",
        "rev": "df445698f4bb60018eff3eba3ca96b1b88425675",
        "type": "github"
      },
      "original": {
        "owner": "jmbaur",
        "repo": "nixos-router",
        "type": "github"
      }
    },
    "nixpkgs": {
      "locked": {
        "lastModified": 1768451197,
        "narHash": "sha256-9aFvsujT+whdO91C7OOpxmdMwkQ6yFKOMZNRxOsDGFA=",
        "owner": "jmbaur",
        "repo": "nixpkgs",
        "rev": "7d47dda748417c43f12d10466621b28562492816",
        "type": "github"
      },
      "original": {
        "owner": "jmbaur",
        "ref": "jmbaur-nixos-unstable",
        "repo": "nixpkgs",
        "type": "github"
      }
    },
    "root": {
      "inputs": {
        "git-hooks": "git-hooks",
        "home-manager": "home-manager",
        "ipwatch": "ipwatch",
        "mixos": "mixos",
        "nix-index-database": "nix-index-database",
        "nixos-router": "nixos-router",
        "nixpkgs": "nixpkgs",
        "sops-nix": "sops-nix",
        "tinyboot": "tinyboot",
        "u-boot-nix": "u-boot-nix",
        "webauthn-tiny": "webauthn-tiny"
      }
    },
    "sops-nix": {
      "inputs": {
        "nixpkgs": [
          "nixpkgs"
        ]
      },
      "locked": {
        "lastModified": 1768481291,
        "narHash": "sha256-NjKtkJraCZEnLHAJxLTI+BfdU//9coAz9p5TqveZwPU=",
        "owner": "Mic92",
        "repo": "sops-nix",
        "rev": "e085e303dfcce21adcb5fec535d65aacb066f101",
        "type": "github"
      },
      "original": {
        "owner": "Mic92",
        "repo": "sops-nix",
        "type": "github"
      }
    },
    "tinyboot": {
      "inputs": {
        "nixpkgs": [
          "nixpkgs"
        ]
      },
      "locked": {
        "lastModified": 1768602464,
        "narHash": "sha256-K5UTTML3HNDlw46akjgyDmo5UbTi9lwtjYWB/r12B4k=",
        "owner": "jmbaur",
        "repo": "tinyboot",
        "rev": "5e06f30e0be78b255f89ceaad652a41bd5141f8a",
        "type": "github"
      },
      "original": {
        "owner": "jmbaur",
        "repo": "tinyboot",
        "type": "github"
      }
    },
    "u-boot-nix": {
      "inputs": {
        "nixpkgs": [
          "nixpkgs"
        ]
      },
      "locked": {
        "lastModified": 1767728050,
        "narHash": "sha256-17QfK+rEit8ro37AMJjAfpyy3noeHcj0xAf0vvS6/JA=",
        "owner": "jmbaur",
        "repo": "u-boot.nix",
        "rev": "1df1e4cabf3d753e5931fb163718b5e9d0942bca",
        "type": "github"
      },
      "original": {
        "owner": "jmbaur",
        "repo": "u-boot.nix",
        "type": "github"
      }
    },
    "webauthn-tiny": {
      "inputs": {
        "git-hooks": [],
        "nixpkgs": [
          "nixpkgs"
        ]
      },
      "locked": {
        "lastModified": 1767236695,
        "narHash": "sha256-/4hbcd+smRbsLRFijoOj6ZhsQbcLUYieWbztq/s3GpM=",
        "owner": "jmbaur",
        "repo": "webauthn-tiny",
        "rev": "2b29ef0024e5f99f0b0791590563520d28632954",
        "type": "github"
      },
      "original": {
        "owner": "jmbaur",
        "repo": "webauthn-tiny",
        "type": "github"
      }
    }
  },
  "root": "root",
  "version": 7
}
