{
  "nodes": {
    "flake-compat": {
      "flake": false,
      "locked": {
        "lastModified": 1696426674,
        "narHash": "sha256-kvjfFW7WAETZlt09AgDn1MrtKzP7t90Vf7vypd3OL1U=",
        "owner": "edolstra",
        "repo": "flake-compat",
        "rev": "0f9255e01c2351cc7d116c072cb317785dd33b33",
        "type": "github"
      },
      "original": {
        "owner": "edolstra",
        "repo": "flake-compat",
        "type": "github"
      }
    },
    "flake-compat_2": {
      "flake": false,
      "locked": {
        "lastModified": 1696426674,
        "narHash": "sha256-kvjfFW7WAETZlt09AgDn1MrtKzP7t90Vf7vypd3OL1U=",
        "owner": "edolstra",
        "repo": "flake-compat",
        "rev": "0f9255e01c2351cc7d116c072cb317785dd33b33",
        "type": "github"
      },
      "original": {
        "owner": "edolstra",
        "repo": "flake-compat",
        "type": "github"
      }
    },
    "flake-compat_3": {
      "flake": false,
      "locked": {
        "lastModified": 1696426674,
        "narHash": "sha256-kvjfFW7WAETZlt09AgDn1MrtKzP7t90Vf7vypd3OL1U=",
        "owner": "edolstra",
        "repo": "flake-compat",
        "rev": "0f9255e01c2351cc7d116c072cb317785dd33b33",
        "type": "github"
      },
      "original": {
        "owner": "edolstra",
        "repo": "flake-compat",
        "type": "github"
      }
    },
    "flake-compat_4": {
      "flake": false,
      "locked": {
        "lastModified": 1696426674,
        "narHash": "sha256-kvjfFW7WAETZlt09AgDn1MrtKzP7t90Vf7vypd3OL1U=",
        "owner": "edolstra",
        "repo": "flake-compat",
        "rev": "0f9255e01c2351cc7d116c072cb317785dd33b33",
        "type": "github"
      },
      "original": {
        "owner": "edolstra",
        "repo": "flake-compat",
        "type": "github"
      }
    },
    "git-hooks": {
      "inputs": {
        "flake-compat": "flake-compat",
        "gitignore": "gitignore",
        "nixpkgs": [
          "nixpkgs"
        ],
        "nixpkgs-stable": "nixpkgs-stable"
      },
      "locked": {
        "lastModified": 1734797603,
        "narHash": "sha256-ulZN7ps8nBV31SE+dwkDvKIzvN6hroRY8sYOT0w+E28=",
        "owner": "cachix",
        "repo": "git-hooks.nix",
        "rev": "f0f0dc4920a903c3e08f5bdb9246bb572fcae498",
        "type": "github"
      },
      "original": {
        "owner": "cachix",
        "repo": "git-hooks.nix",
        "type": "github"
      }
    },
    "git-hooks_2": {
      "inputs": {
        "flake-compat": "flake-compat_2",
        "gitignore": "gitignore_2",
        "nixpkgs": [
          "ipwatch",
          "nixpkgs"
        ],
        "nixpkgs-stable": "nixpkgs-stable_2"
      },
      "locked": {
        "lastModified": 1732021966,
        "narHash": "sha256-mnTbjpdqF0luOkou8ZFi2asa1N3AA2CchR/RqCNmsGE=",
        "owner": "cachix",
        "repo": "git-hooks.nix",
        "rev": "3308484d1a443fc5bc92012435d79e80458fe43c",
        "type": "github"
      },
      "original": {
        "owner": "cachix",
        "repo": "git-hooks.nix",
        "type": "github"
      }
    },
    "git-hooks_3": {
      "inputs": {
        "flake-compat": "flake-compat_3",
        "gitignore": "gitignore_3",
        "nixpkgs": [
          "nixos-router",
          "nixpkgs"
        ],
        "nixpkgs-stable": "nixpkgs-stable_3"
      },
      "locked": {
        "lastModified": 1734797603,
        "narHash": "sha256-ulZN7ps8nBV31SE+dwkDvKIzvN6hroRY8sYOT0w+E28=",
        "owner": "cachix",
        "repo": "git-hooks.nix",
        "rev": "f0f0dc4920a903c3e08f5bdb9246bb572fcae498",
        "type": "github"
      },
      "original": {
        "owner": "cachix",
        "repo": "git-hooks.nix",
        "type": "github"
      }
    },
    "git-hooks_4": {
      "inputs": {
        "flake-compat": "flake-compat_4",
        "gitignore": "gitignore_4",
        "nixpkgs": [
          "webauthn-tiny",
          "nixpkgs"
        ],
        "nixpkgs-stable": "nixpkgs-stable_4"
      },
      "locked": {
        "lastModified": 1732021966,
        "narHash": "sha256-mnTbjpdqF0luOkou8ZFi2asa1N3AA2CchR/RqCNmsGE=",
        "owner": "cachix",
        "repo": "git-hooks.nix",
        "rev": "3308484d1a443fc5bc92012435d79e80458fe43c",
        "type": "github"
      },
      "original": {
        "owner": "cachix",
        "repo": "git-hooks.nix",
        "type": "github"
      }
    },
    "gitignore": {
      "inputs": {
        "nixpkgs": [
          "git-hooks",
          "nixpkgs"
        ]
      },
      "locked": {
        "lastModified": 1709087332,
        "narHash": "sha256-HG2cCnktfHsKV0s4XW83gU3F57gaTljL9KNSuG6bnQs=",
        "owner": "hercules-ci",
        "repo": "gitignore.nix",
        "rev": "637db329424fd7e46cf4185293b9cc8c88c95394",
        "type": "github"
      },
      "original": {
        "owner": "hercules-ci",
        "repo": "gitignore.nix",
        "type": "github"
      }
    },
    "gitignore_2": {
      "inputs": {
        "nixpkgs": [
          "ipwatch",
          "git-hooks",
          "nixpkgs"
        ]
      },
      "locked": {
        "lastModified": 1709087332,
        "narHash": "sha256-HG2cCnktfHsKV0s4XW83gU3F57gaTljL9KNSuG6bnQs=",
        "owner": "hercules-ci",
        "repo": "gitignore.nix",
        "rev": "637db329424fd7e46cf4185293b9cc8c88c95394",
        "type": "github"
      },
      "original": {
        "owner": "hercules-ci",
        "repo": "gitignore.nix",
        "type": "github"
      }
    },
    "gitignore_3": {
      "inputs": {
        "nixpkgs": [
          "nixos-router",
          "git-hooks",
          "nixpkgs"
        ]
      },
      "locked": {
        "lastModified": 1709087332,
        "narHash": "sha256-HG2cCnktfHsKV0s4XW83gU3F57gaTljL9KNSuG6bnQs=",
        "owner": "hercules-ci",
        "repo": "gitignore.nix",
        "rev": "637db329424fd7e46cf4185293b9cc8c88c95394",
        "type": "github"
      },
      "original": {
        "owner": "hercules-ci",
        "repo": "gitignore.nix",
        "type": "github"
      }
    },
    "gitignore_4": {
      "inputs": {
        "nixpkgs": [
          "webauthn-tiny",
          "git-hooks",
          "nixpkgs"
        ]
      },
      "locked": {
        "lastModified": 1709087332,
        "narHash": "sha256-HG2cCnktfHsKV0s4XW83gU3F57gaTljL9KNSuG6bnQs=",
        "owner": "hercules-ci",
        "repo": "gitignore.nix",
        "rev": "637db329424fd7e46cf4185293b9cc8c88c95394",
        "type": "github"
      },
      "original": {
        "owner": "hercules-ci",
        "repo": "gitignore.nix",
        "type": "github"
      }
    },
    "home-manager": {
      "inputs": {
        "nixpkgs": [
          "nixpkgs"
        ]
      },
      "locked": {
        "lastModified": 1735053786,
        "narHash": "sha256-Gm+0DcbUS338vvkwyYWms5jsWlx8z8MeQBzcnIDuIkw=",
        "owner": "nix-community",
        "repo": "home-manager",
        "rev": "35b98d20ca8f4ca1f6a2c30b8a2c8bb305a36d84",
        "type": "github"
      },
      "original": {
        "owner": "nix-community",
        "repo": "home-manager",
        "type": "github"
      }
    },
    "ipwatch": {
      "inputs": {
        "git-hooks": "git-hooks_2",
        "nixpkgs": [
          "nixpkgs"
        ]
      },
      "locked": {
        "lastModified": 1733070118,
        "narHash": "sha256-fi9p1FQvKQYnUo5wkhw7aNqV2gtozSpFhiFHCbF1ygI=",
        "owner": "jmbaur",
        "repo": "ipwatch",
        "rev": "2c745d18b9309b97feaeed28057f82dcbb50cfc2",
        "type": "github"
      },
      "original": {
        "owner": "jmbaur",
        "repo": "ipwatch",
        "type": "github"
      }
    },
    "nixos-router": {
      "inputs": {
        "git-hooks": "git-hooks_3",
        "nixpkgs": [
          "nixpkgs"
        ]
      },
      "locked": {
        "lastModified": 1734824077,
        "narHash": "sha256-R50nzJvs/deIqPR3NpvT/4L5hfScEGaoJ4ChRxAzKIk=",
        "owner": "jmbaur",
        "repo": "nixos-router",
        "rev": "c4ac61ebcbae5ad7b310923d7d36a3975705f52a",
        "type": "github"
      },
      "original": {
        "owner": "jmbaur",
        "repo": "nixos-router",
        "type": "github"
      }
    },
    "nixpkgs": {
      "locked": {
        "lastModified": 1734837437,
        "narHash": "sha256-NoubDMOXIx8rA6RvvvcJle7DUmGN8h37NdwwuSwdEWw=",
        "owner": "jmbaur",
        "repo": "nixpkgs",
        "rev": "839cc7fd15a8f4fb1cccae975dec2dee6f5df25b",
        "type": "github"
      },
      "original": {
        "owner": "jmbaur",
        "ref": "jmbaur-nixos-unstable",
        "repo": "nixpkgs",
        "type": "github"
      }
    },
    "nixpkgs-stable": {
      "locked": {
        "lastModified": 1730741070,
        "narHash": "sha256-edm8WG19kWozJ/GqyYx2VjW99EdhjKwbY3ZwdlPAAlo=",
        "owner": "NixOS",
        "repo": "nixpkgs",
        "rev": "d063c1dd113c91ab27959ba540c0d9753409edf3",
        "type": "github"
      },
      "original": {
        "owner": "NixOS",
        "ref": "nixos-24.05",
        "repo": "nixpkgs",
        "type": "github"
      }
    },
    "nixpkgs-stable_2": {
      "locked": {
        "lastModified": 1730741070,
        "narHash": "sha256-edm8WG19kWozJ/GqyYx2VjW99EdhjKwbY3ZwdlPAAlo=",
        "owner": "NixOS",
        "repo": "nixpkgs",
        "rev": "d063c1dd113c91ab27959ba540c0d9753409edf3",
        "type": "github"
      },
      "original": {
        "owner": "NixOS",
        "ref": "nixos-24.05",
        "repo": "nixpkgs",
        "type": "github"
      }
    },
    "nixpkgs-stable_3": {
      "locked": {
        "lastModified": 1730741070,
        "narHash": "sha256-edm8WG19kWozJ/GqyYx2VjW99EdhjKwbY3ZwdlPAAlo=",
        "owner": "NixOS",
        "repo": "nixpkgs",
        "rev": "d063c1dd113c91ab27959ba540c0d9753409edf3",
        "type": "github"
      },
      "original": {
        "owner": "NixOS",
        "ref": "nixos-24.05",
        "repo": "nixpkgs",
        "type": "github"
      }
    },
    "nixpkgs-stable_4": {
      "locked": {
        "lastModified": 1730741070,
        "narHash": "sha256-edm8WG19kWozJ/GqyYx2VjW99EdhjKwbY3ZwdlPAAlo=",
        "owner": "NixOS",
        "repo": "nixpkgs",
        "rev": "d063c1dd113c91ab27959ba540c0d9753409edf3",
        "type": "github"
      },
      "original": {
        "owner": "NixOS",
        "ref": "nixos-24.05",
        "repo": "nixpkgs",
        "type": "github"
      }
    },
    "root": {
      "inputs": {
        "git-hooks": "git-hooks",
        "home-manager": "home-manager",
        "ipwatch": "ipwatch",
        "nixos-router": "nixos-router",
        "nixpkgs": "nixpkgs",
        "sops-nix": "sops-nix",
        "tinyboot": "tinyboot",
        "u-boot-nix": "u-boot-nix",
        "webauthn-tiny": "webauthn-tiny"
      }
    },
    "sops-nix": {
      "inputs": {
        "nixpkgs": [
          "nixpkgs"
        ]
      },
      "locked": {
        "lastModified": 1734546875,
        "narHash": "sha256-6OvJbqQ6qPpNw3CA+W8Myo5aaLhIJY/nNFDk3zMXLfM=",
        "owner": "Mic92",
        "repo": "sops-nix",
        "rev": "ed091321f4dd88afc28b5b4456e0a15bd8374b4d",
        "type": "github"
      },
      "original": {
        "owner": "Mic92",
        "repo": "sops-nix",
        "type": "github"
      }
    },
    "tinyboot": {
      "inputs": {
        "nixpkgs": [
          "nixpkgs"
        ]
      },
      "locked": {
        "lastModified": 1735104129,
        "narHash": "sha256-NGmW9PtTaxpLMOW/gci41XhWt08C/bIyG0tqzWFtHFU=",
        "owner": "jmbaur",
        "repo": "tinyboot",
        "rev": "92ad9c698df75a281e5e525b5b359f88933ae07f",
        "type": "github"
      },
      "original": {
        "owner": "jmbaur",
        "repo": "tinyboot",
        "type": "github"
      }
    },
    "u-boot-nix": {
      "inputs": {
        "nixpkgs": [
          "nixpkgs"
        ]
      },
      "locked": {
        "lastModified": 1733891508,
        "narHash": "sha256-vLlUofN2mRxHI4RJ2LMqjEqBEnhpinqhBD1+ZlXSi2g=",
        "owner": "jmbaur",
        "repo": "u-boot.nix",
        "rev": "fa89021e74caa9e69414637f342543868ffd2bd2",
        "type": "github"
      },
      "original": {
        "owner": "jmbaur",
        "repo": "u-boot.nix",
        "type": "github"
      }
    },
    "webauthn-tiny": {
      "inputs": {
        "git-hooks": "git-hooks_4",
        "nixpkgs": [
          "nixpkgs"
        ]
      },
      "locked": {
        "lastModified": 1733070750,
        "narHash": "sha256-5bLqyysz0oIZdikORwETm7dGAi0sWbmUyqEm8XeeWAM=",
        "owner": "jmbaur",
        "repo": "webauthn-tiny",
        "rev": "ab17d8f0ea6c0740b26ec8449c17c6868ebdaef5",
        "type": "github"
      },
      "original": {
        "owner": "jmbaur",
        "repo": "webauthn-tiny",
        "type": "github"
      }
    }
  },
  "root": "root",
  "version": 7
}
